
Microsoft Visual Studio Solution File, Format Version 12.00
# Visual Studio Version 16
VisualStudioVersion = 16.0.30225.117
MinimumVisualStudioVersion = 10.0.40219.1
Project("{FAE04EC0-301F-11D3-BF4B-00C04F79EFBC}") = "Lab13-BlockBuster", "Lab13-BlockBuster.csproj", "{09CDD5A5-16B8-4B26-92E3-D156FE3F7AAA}"
EndProject
Global
	GlobalSection(SolutionConfigurationPlatforms) = preSolution
		Debug|Any CPU = Debug|Any CPU
		Release|Any CPU = Release|Any CPU
	EndGlobalSection
	GlobalSection(ProjectConfigurationPlatforms) = postSolution
		{09CDD5A5-16B8-4B26-92E3-D156FE3F7AAA}.Debug|Any CPU.ActiveCfg = Debug|Any CPU
		{09CDD5A5-16B8-4B26-92E3-D156FE3F7AAA}.Debug|Any CPU.Build.0 = Debug|Any CPU
		{09CDD5A5-16B8-4B26-92E3-D156FE3F7AAA}.Release|Any CPU.ActiveCfg = Release|Any CPU
		{09CDD5A5-16B8-4B26-92E3-D156FE3F7AAA}.Release|Any CPU.Build.0 = Release|Any CPU
	EndGlobalSection
	GlobalSection(SolutionProperties) = preSolution
		HideSolutionNode = FALSE
	EndGlobalSection
	GlobalSection(ExtensibilityGlobals) = postSolution
		SolutionGuid = {E8F876F9-49D7-4B87-9104-129787BF82E1}
	EndGlobalSection
EndGlobal
